
Microsoft Visual Studio Solution File, Format Version 12.00
# Visual Studio Version 16
VisualStudioVersion = 16.0.31729.503
MinimumVisualStudioVersion = 10.0.40219.1
Project("{9A19103F-16F7-4668-BE54-9A1E7A4F7556}") = "LuisSanchez_3B", "LuisSanchez_3B\LuisSanchez_3B.csproj", "{7F0618DA-AC3F-412D-9B5C-254DC5FC4B84}"
EndProject
Project("{9A19103F-16F7-4668-BE54-9A1E7A4F7556}") = "ModelodeEmpresaEmpleado", "ModelodeEmpresaEmpleado\ModelodeEmpresaEmpleado.csproj", "{BCF7B9C1-ED28-4A7F-96CC-A0B5F975ED22}"
EndProject
Project("{9A19103F-16F7-4668-BE54-9A1E7A4F7556}") = "AplicaciondeFacultad", "AplicaciondeFacultad\AplicaciondeFacultad.csproj", "{D9AF25EA-B1D1-442E-B187-C4962D289FD2}"
EndProject
Global
	GlobalSection(SolutionConfigurationPlatforms) = preSolution
		Debug|Any CPU = Debug|Any CPU
		Release|Any CPU = Release|Any CPU
	EndGlobalSection
	GlobalSection(ProjectConfigurationPlatforms) = postSolution
		{7F0618DA-AC3F-412D-9B5C-254DC5FC4B84}.Debug|Any CPU.ActiveCfg = Debug|Any CPU
		{7F0618DA-AC3F-412D-9B5C-254DC5FC4B84}.Debug|Any CPU.Build.0 = Debug|Any CPU
		{7F0618DA-AC3F-412D-9B5C-254DC5FC4B84}.Release|Any CPU.ActiveCfg = Release|Any CPU
		{7F0618DA-AC3F-412D-9B5C-254DC5FC4B84}.Release|Any CPU.Build.0 = Release|Any CPU
		{BCF7B9C1-ED28-4A7F-96CC-A0B5F975ED22}.Debug|Any CPU.ActiveCfg = Debug|Any CPU
		{BCF7B9C1-ED28-4A7F-96CC-A0B5F975ED22}.Debug|Any CPU.Build.0 = Debug|Any CPU
		{BCF7B9C1-ED28-4A7F-96CC-A0B5F975ED22}.Release|Any CPU.ActiveCfg = Release|Any CPU
		{BCF7B9C1-ED28-4A7F-96CC-A0B5F975ED22}.Release|Any CPU.Build.0 = Release|Any CPU
		{D9AF25EA-B1D1-442E-B187-C4962D289FD2}.Debug|Any CPU.ActiveCfg = Debug|Any CPU
		{D9AF25EA-B1D1-442E-B187-C4962D289FD2}.Debug|Any CPU.Build.0 = Debug|Any CPU
		{D9AF25EA-B1D1-442E-B187-C4962D289FD2}.Release|Any CPU.ActiveCfg = Release|Any CPU
		{D9AF25EA-B1D1-442E-B187-C4962D289FD2}.Release|Any CPU.Build.0 = Release|Any CPU
	EndGlobalSection
	GlobalSection(SolutionProperties) = preSolution
		HideSolutionNode = FALSE
	EndGlobalSection
	GlobalSection(ExtensibilityGlobals) = postSolution
		SolutionGuid = {A5840982-4F8C-4626-8A22-0C3AE4665BFD}
	EndGlobalSection
EndGlobal
